
Microsoft Visual Studio Solution File, Format Version 12.00
# Visual Studio Version 17
VisualStudioVersion = 17.14.36518.9 d17.14
MinimumVisualStudioVersion = 10.0.40219.1
Project("{FAE04EC0-301F-11D3-BF4B-00C04F79EFBC}") = "QueueExample", "QueueExample\QueueExample.csproj", "{EC5DC307-2262-4479-BE49-25C2A3371F4E}"
EndProject
Global
	GlobalSection(SolutionConfigurationPlatforms) = preSolution
		Debug|Any CPU = Debug|Any CPU
		Release|Any CPU = Release|Any CPU
	EndGlobalSection
	GlobalSection(ProjectConfigurationPlatforms) = postSolution
		{EC5DC307-2262-4479-BE49-25C2A3371F4E}.Debug|Any CPU.ActiveCfg = Debug|Any CPU
		{EC5DC307-2262-4479-BE49-25C2A3371F4E}.Debug|Any CPU.Build.0 = Debug|Any CPU
		{EC5DC307-2262-4479-BE49-25C2A3371F4E}.Release|Any CPU.ActiveCfg = Release|Any CPU
		{EC5DC307-2262-4479-BE49-25C2A3371F4E}.Release|Any CPU.Build.0 = Release|Any CPU
	EndGlobalSection
	GlobalSection(SolutionProperties) = preSolution
		HideSolutionNode = FALSE
	EndGlobalSection
	GlobalSection(ExtensibilityGlobals) = postSolution
		SolutionGuid = {DE416BA5-6B13-4C53-9EA5-FB92AB97FE4B}
	EndGlobalSection
EndGlobal
