
Microsoft Visual Studio Solution File, Format Version 12.00
# Visual Studio Version 17
VisualStudioVersion = 17.14.36518.9 d17.14
MinimumVisualStudioVersion = 10.0.40219.1
Project("{FAE04EC0-301F-11D3-BF4B-00C04F79EFBC}") = "Calculator", "Calculator\Calculator.csproj", "{5B3E09EF-5B93-4491-8550-0E7586DD3321}"
EndProject
Global
	GlobalSection(SolutionConfigurationPlatforms) = preSolution
		Debug|Any CPU = Debug|Any CPU
		Release|Any CPU = Release|Any CPU
	EndGlobalSection
	GlobalSection(ProjectConfigurationPlatforms) = postSolution
		{5B3E09EF-5B93-4491-8550-0E7586DD3321}.Debug|Any CPU.ActiveCfg = Debug|Any CPU
		{5B3E09EF-5B93-4491-8550-0E7586DD3321}.Debug|Any CPU.Build.0 = Debug|Any CPU
		{5B3E09EF-5B93-4491-8550-0E7586DD3321}.Release|Any CPU.ActiveCfg = Release|Any CPU
		{5B3E09EF-5B93-4491-8550-0E7586DD3321}.Release|Any CPU.Build.0 = Release|Any CPU
	EndGlobalSection
	GlobalSection(SolutionProperties) = preSolution
		HideSolutionNode = FALSE
	EndGlobalSection
	GlobalSection(ExtensibilityGlobals) = postSolution
		SolutionGuid = {DD01BB26-5419-4B5D-823C-0979FCC32994}
	EndGlobalSection
EndGlobal
